
Microsoft Visual Studio Solution File, Format Version 12.00
# Visual Studio 15
Project("{FAE04EC0-301F-11D3-BF4B-00C04F79EFBC}") = "Activity1Part3", "Activity1Part3\Activity1Part3.csproj", "{567858EE-F80B-4B51-9793-70A05E0F4C80}"
EndProject
Project("{FAE04EC0-301F-11D3-BF4B-00C04F79EFBC}") = "Activity1Part3.Tests", "Activity1Part3.Tests\Activity1Part3.Tests.csproj", "{208C1FCC-66FC-4797-ACA4-6745B2456D2B}"
EndProject
Global
	GlobalSection(SolutionConfigurationPlatforms) = preSolution
		Debug|Any CPU = Debug|Any CPU
		Release|Any CPU = Release|Any CPU
	EndGlobalSection
	GlobalSection(ProjectConfigurationPlatforms) = postSolution
		{567858EE-F80B-4B51-9793-70A05E0F4C80}.Debug|Any CPU.ActiveCfg = Debug|Any CPU
		{567858EE-F80B-4B51-9793-70A05E0F4C80}.Debug|Any CPU.Build.0 = Debug|Any CPU
		{567858EE-F80B-4B51-9793-70A05E0F4C80}.Release|Any CPU.ActiveCfg = Release|Any CPU
		{567858EE-F80B-4B51-9793-70A05E0F4C80}.Release|Any CPU.Build.0 = Release|Any CPU
		{208C1FCC-66FC-4797-ACA4-6745B2456D2B}.Debug|Any CPU.ActiveCfg = Debug|Any CPU
		{208C1FCC-66FC-4797-ACA4-6745B2456D2B}.Debug|Any CPU.Build.0 = Debug|Any CPU
		{208C1FCC-66FC-4797-ACA4-6745B2456D2B}.Release|Any CPU.ActiveCfg = Release|Any CPU
		{208C1FCC-66FC-4797-ACA4-6745B2456D2B}.Release|Any CPU.Build.0 = Release|Any CPU
	EndGlobalSection
EndGlobal
